<?xml version="1.0" encoding="utf-8"?>
<Project ToolsVersion="4.0" xmlns="http://schemas.microsoft.com/developer/msbuild/2003">
  <ItemGroup>
    <Filter Include="Source Files">
      <UniqueIdentifier>{4767db9f-f704-4625-9683-93ec23e25558}</UniqueIdentifier>
      <Extensions>cpp;c;cxx;rc;def;r;odl;idl;hpj;bat</Extensions>
    </Filter>
    <Filter Include="Header Files">
      <UniqueIdentifier>{1a922d72-5e91-4a3c-ab33-d85c7d6547f0}</UniqueIdentifier>
      <Extensions>h;hpp;hxx;hm;inl</Extensions>
    </Filter>
    <Filter Include="Source Files\Resource Files">
      <UniqueIdentifier>{ddeb422d-8313-468e-aa5c-709f1b4ab17c}</UniqueIdentifier>
      <Extensions>ico;cur;bmp;dlg;rc2;rct;bin;rgs;gif;jpg;jpeg;jpe</Extensions>
    </Filter>
  </ItemGroup>
  <ItemGroup>
    <ClCompile Include="BigNumber.cpp">
      <Filter>Source Files</Filter>
    </ClCompile>
    <ClCompile Include="BinaryTree.cpp">
      <Filter>Source Files</Filter>
    </ClCompile>
    <ClCompile Include="BitMagic.cpp">
      <Filter>Source Files</Filter>
    </ClCompile>
    <ClCompile Include="DoubleLinkList.cpp">
      <Filter>Source Files</Filter>
    </ClCompile>
    <ClCompile Include="Graph.cpp">
      <Filter>Source Files</Filter>
    </ClCompile>
    <ClCompile Include="HashMap.cpp">
      <Filter>Source Files</Filter>
    </ClCompile>
    <ClCompile Include="InheritanceTest.cpp">
      <Filter>Source Files</Filter>
    </ClCompile>
    <ClCompile Include="LRUCache.cpp">
      <Filter>Source Files</Filter>
    </ClCompile>
    <ClCompile Include="MaxSquareMatrix.cpp">
      <Filter>Source Files</Filter>
    </ClCompile>
    <ClCompile Include="MemPool.cpp">
      <Filter>Source Files</Filter>
    </ClCompile>
    <ClCompile Include="NamedConstructor.cpp">
      <Filter>Source Files</Filter>
    </ClCompile>
    <ClCompile Include="NumberAlgorithms.cpp">
      <Filter>Source Files</Filter>
    </ClCompile>
    <ClCompile Include="Printer.cpp">
      <Filter>Source Files</Filter>
    </ClCompile>
    <ClCompile Include="PrinterCounted.cpp">
      <Filter>Source Files</Filter>
    </ClCompile>
    <ClCompile Include="QuickFind.cpp">
      <Filter>Source Files</Filter>
    </ClCompile>
    <ClCompile Include="ReadWriteMutex.cpp">
      <Filter>Source Files</Filter>
    </ClCompile>
    <ClCompile Include="RedBlackTree.cpp">
      <Filter>Source Files</Filter>
    </ClCompile>
    <ClCompile Include="SingleLinkList.cpp">
      <Filter>Source Files</Filter>
    </ClCompile>
    <ClCompile Include="SmartPtr.cpp">
      <Filter>Source Files</Filter>
    </ClCompile>
    <ClCompile Include="Stack.cpp">
      <Filter>Source Files</Filter>
    </ClCompile>
    <ClCompile Include="StringAlgoritms.cpp">
      <Filter>Source Files</Filter>
    </ClCompile>
    <ClCompile Include="Test.cpp">
      <Filter>Source Files</Filter>
    </ClCompile>
    <ClCompile Include="Threads.cpp">
      <Filter>Source Files</Filter>
    </ClCompile>
    <ClCompile Include="VirtualCopyConstructor.cpp">
      <Filter>Source Files</Filter>
    </ClCompile>
    <ClCompile Include="IPConverter.cpp">
      <Filter>Source Files</Filter>
    </ClCompile>
  </ItemGroup>
  <ItemGroup>
    <ClInclude Include="BigNumber.h">
      <Filter>Header Files</Filter>
    </ClInclude>
    <ClInclude Include="BinaryTree.h">
      <Filter>Header Files</Filter>
    </ClInclude>
    <ClInclude Include="BitMagic.h">
      <Filter>Header Files</Filter>
    </ClInclude>
    <ClInclude Include="DoubleLinkList.h">
      <Filter>Header Files</Filter>
    </ClInclude>
    <ClInclude Include="Graph.h">
      <Filter>Header Files</Filter>
    </ClInclude>
    <ClInclude Include="HashMap.h">
      <Filter>Header Files</Filter>
    </ClInclude>
    <ClInclude Include="InheritanceTest.h">
      <Filter>Header Files</Filter>
    </ClInclude>
    <ClInclude Include="LRUCache.h">
      <Filter>Header Files</Filter>
    </ClInclude>
    <ClInclude Include="MaxSquareMatrix.h">
      <Filter>Header Files</Filter>
    </ClInclude>
    <ClInclude Include="MutableExample.h">
      <Filter>Header Files</Filter>
    </ClInclude>
    <ClInclude Include="NamedConstructor.h">
      <Filter>Header Files</Filter>
    </ClInclude>
    <ClInclude Include="NumberAlgorithms.h">
      <Filter>Header Files</Filter>
    </ClInclude>
    <ClInclude Include="ObjectsCounter.h">
      <Filter>Header Files</Filter>
    </ClInclude>
    <ClInclude Include="Printer.h">
      <Filter>Header Files</Filter>
    </ClInclude>
    <ClInclude Include="PrinterCounted.h">
      <Filter>Header Files</Filter>
    </ClInclude>
    <ClInclude Include="QuickFind.h">
      <Filter>Header Files</Filter>
    </ClInclude>
    <ClInclude Include="ReadWriteMutex.h">
      <Filter>Header Files</Filter>
    </ClInclude>
    <ClInclude Include="RedBlackTree.h">
      <Filter>Header Files</Filter>
    </ClInclude>
    <ClInclude Include="SingleLinkList.h">
      <Filter>Header Files</Filter>
    </ClInclude>
    <ClInclude Include="SmartPtr.h">
      <Filter>Header Files</Filter>
    </ClInclude>
    <ClInclude Include="Stack.h">
      <Filter>Header Files</Filter>
    </ClInclude>
    <ClInclude Include="StringAlgoritms.h">
      <Filter>Header Files</Filter>
    </ClInclude>
    <ClInclude Include="Threads.h">
      <Filter>Header Files</Filter>
    </ClInclude>
    <ClInclude Include="VirtualCopyConstructor.h">
      <Filter>Header Files</Filter>
    </ClInclude>
    <ClInclude Include="IPConverter.h">
      <Filter>Header Files</Filter>
    </ClInclude>
  </ItemGroup>
</Project>